
Microsoft Visual Studio Solution File, Format Version 12.00
# Visual Studio Version 17
VisualStudioVersion = 17.9.34607.119
MinimumVisualStudioVersion = 10.0.40219.1
Project("{FAE04EC0-301F-11D3-BF4B-00C04F79EFBC}") = "Sweeft", "Sweeft\Sweeft.csproj", "{54D95275-8B0B-440D-ADD1-9715D6D8F736}"
EndProject
Global
	GlobalSection(SolutionConfigurationPlatforms) = preSolution
		Debug|Any CPU = Debug|Any CPU
		Release|Any CPU = Release|Any CPU
	EndGlobalSection
	GlobalSection(ProjectConfigurationPlatforms) = postSolution
		{54D95275-8B0B-440D-ADD1-9715D6D8F736}.Debug|Any CPU.ActiveCfg = Debug|Any CPU
		{54D95275-8B0B-440D-ADD1-9715D6D8F736}.Debug|Any CPU.Build.0 = Debug|Any CPU
		{54D95275-8B0B-440D-ADD1-9715D6D8F736}.Release|Any CPU.ActiveCfg = Release|Any CPU
		{54D95275-8B0B-440D-ADD1-9715D6D8F736}.Release|Any CPU.Build.0 = Release|Any CPU
	EndGlobalSection
	GlobalSection(SolutionProperties) = preSolution
		HideSolutionNode = FALSE
	EndGlobalSection
	GlobalSection(ExtensibilityGlobals) = postSolution
		SolutionGuid = {1EE78146-52ED-4641-A4EB-ED9A71B87CF3}
	EndGlobalSection
EndGlobal
